{
  "originHash" : "b01631eff0819b7e5d50bbb4e997a967e7118d987d597f523f225d9d018aeb60",
  "pins" : [
    {
      "identity" : "swift-sqlcipher",
      "kind" : "remoteSourceControl",
      "location" : "https://github.com/skiptools/swift-sqlcipher.git",
      "state" : {
        "revision" : "777247141ffffbff08d725504dff8e672d6e41fb",
        "version" : "1.7.1"
      }
    }
  ],
  "version" : 3
}
